
Microsoft Visual Studio Solution File, Format Version 12.00
# Visual Studio Version 17
VisualStudioVersion = 17.10.35004.147
MinimumVisualStudioVersion = 10.0.40219.1
Project("{FAE04EC0-301F-11D3-BF4B-00C04F79EFBC}") = "CapstoneProject-Autolavaggi", "CapstoneProject-Autolavaggi\CapstoneProject-Autolavaggi.csproj", "{AA70BDF0-23EA-4DEA-80E1-21A2522177D3}"
EndProject
Global
	GlobalSection(SolutionConfigurationPlatforms) = preSolution
		Debug|Any CPU = Debug|Any CPU
		Release|Any CPU = Release|Any CPU
	EndGlobalSection
	GlobalSection(ProjectConfigurationPlatforms) = postSolution
		{AA70BDF0-23EA-4DEA-80E1-21A2522177D3}.Debug|Any CPU.ActiveCfg = Debug|Any CPU
		{AA70BDF0-23EA-4DEA-80E1-21A2522177D3}.Debug|Any CPU.Build.0 = Debug|Any CPU
		{AA70BDF0-23EA-4DEA-80E1-21A2522177D3}.Release|Any CPU.ActiveCfg = Release|Any CPU
		{AA70BDF0-23EA-4DEA-80E1-21A2522177D3}.Release|Any CPU.Build.0 = Release|Any CPU
	EndGlobalSection
	GlobalSection(SolutionProperties) = preSolution
		HideSolutionNode = FALSE
	EndGlobalSection
	GlobalSection(ExtensibilityGlobals) = postSolution
		SolutionGuid = {BA991E7C-CEAD-4048-B267-462C435F6E3D}
	EndGlobalSection
EndGlobal
